
Microsoft Visual Studio Solution File, Format Version 12.00
# Visual Studio 14
VisualStudioVersion = 14.0.23107.0
MinimumVisualStudioVersion = 10.0.40219.1
Project("{FAE04EC0-301F-11D3-BF4B-00C04F79EFBC}") = "ReminderApplication", "ReminderApplication\ReminderApplication.csproj", "{44EA81B5-3B77-4011-AD0F-9CBAD50986CC}"
EndProject
Project("{2150E333-8FDC-42A3-9474-1A3956D46DE8}") = "PublishScripts", "PublishScripts", "{4C327710-2F60-45B3-965D-186BE6A22889}"
EndProject
Project("{2150E333-8FDC-42A3-9474-1A3956D46DE8}") = "Scripts", "Scripts", "{7109EA71-6FAD-4E5C-B736-804FACC77129}"
	ProjectSection(SolutionItems) = preProject
		PublishScripts\Scripts\Deploy-AzureResourceGroup.ps1 = PublishScripts\Scripts\Deploy-AzureResourceGroup.ps1
	EndProjectSection
EndProject
Project("{2150E333-8FDC-42A3-9474-1A3956D46DE8}") = "Templates", "Templates", "{ED796E63-C13E-41C7-B648-BB13C9FD2E75}"
	ProjectSection(SolutionItems) = preProject
		PublishScripts\Templates\ReminderApplication.json = PublishScripts\Templates\ReminderApplication.json
		PublishScripts\Templates\ReminderApplication.param.dev.json = PublishScripts\Templates\ReminderApplication.param.dev.json
	EndProjectSection
EndProject
Global
	GlobalSection(SolutionConfigurationPlatforms) = preSolution
		Debug|Any CPU = Debug|Any CPU
		Release|Any CPU = Release|Any CPU
	EndGlobalSection
	GlobalSection(ProjectConfigurationPlatforms) = postSolution
		{44EA81B5-3B77-4011-AD0F-9CBAD50986CC}.Debug|Any CPU.ActiveCfg = Debug|Any CPU
		{44EA81B5-3B77-4011-AD0F-9CBAD50986CC}.Debug|Any CPU.Build.0 = Debug|Any CPU
		{44EA81B5-3B77-4011-AD0F-9CBAD50986CC}.Release|Any CPU.ActiveCfg = Release|Any CPU
		{44EA81B5-3B77-4011-AD0F-9CBAD50986CC}.Release|Any CPU.Build.0 = Release|Any CPU
	EndGlobalSection
	GlobalSection(SolutionProperties) = preSolution
		HideSolutionNode = FALSE
	EndGlobalSection
	GlobalSection(NestedProjects) = preSolution
		{7109EA71-6FAD-4E5C-B736-804FACC77129} = {4C327710-2F60-45B3-965D-186BE6A22889}
		{ED796E63-C13E-41C7-B648-BB13C9FD2E75} = {4C327710-2F60-45B3-965D-186BE6A22889}
	EndGlobalSection
EndGlobal
